
Microsoft Visual Studio Solution File, Format Version 12.00
# Visual Studio 14
VisualStudioVersion = 14.0.25420.1
MinimumVisualStudioVersion = 10.0.40219.1
Project("{FAE04EC0-301F-11D3-BF4B-00C04F79EFBC}") = "CAutomation", "CAutomation\CAutomation.csproj", "{140714C7-3916-4059-B133-0DADCBC38AF8}"
EndProject
Project("{FAE04EC0-301F-11D3-BF4B-00C04F79EFBC}") = "Sales", "Sales\Sales.csproj", "{76B5FADF-7A26-4EC8-BA47-04AE9683DA02}"
EndProject
Project("{FAE04EC0-301F-11D3-BF4B-00C04F79EFBC}") = "Service", "Service\Service.csproj", "{8C7F0407-380A-48AB-A79B-0EBD65ACB8EF}"
EndProject
Project("{FAE04EC0-301F-11D3-BF4B-00C04F79EFBC}") = "Support", "Support\Support.csproj", "{77A418E5-439A-4E31-B991-7536D64DEFDA}"
EndProject
Project("{FAE04EC0-301F-11D3-BF4B-00C04F79EFBC}") = "Commissions", "Commissions\Commissions.csproj", "{D85348AC-0D12-4728-A669-F3590676DCC7}"
EndProject
Global
	GlobalSection(SolutionConfigurationPlatforms) = preSolution
		Debug|Any CPU = Debug|Any CPU
		Release|Any CPU = Release|Any CPU
	EndGlobalSection
	GlobalSection(ProjectConfigurationPlatforms) = postSolution
		{140714C7-3916-4059-B133-0DADCBC38AF8}.Debug|Any CPU.ActiveCfg = Debug|Any CPU
		{140714C7-3916-4059-B133-0DADCBC38AF8}.Debug|Any CPU.Build.0 = Debug|Any CPU
		{140714C7-3916-4059-B133-0DADCBC38AF8}.Release|Any CPU.ActiveCfg = Release|Any CPU
		{140714C7-3916-4059-B133-0DADCBC38AF8}.Release|Any CPU.Build.0 = Release|Any CPU
		{76B5FADF-7A26-4EC8-BA47-04AE9683DA02}.Debug|Any CPU.ActiveCfg = Debug|Any CPU
		{76B5FADF-7A26-4EC8-BA47-04AE9683DA02}.Debug|Any CPU.Build.0 = Debug|Any CPU
		{76B5FADF-7A26-4EC8-BA47-04AE9683DA02}.Release|Any CPU.ActiveCfg = Release|Any CPU
		{76B5FADF-7A26-4EC8-BA47-04AE9683DA02}.Release|Any CPU.Build.0 = Release|Any CPU
		{8C7F0407-380A-48AB-A79B-0EBD65ACB8EF}.Debug|Any CPU.ActiveCfg = Debug|Any CPU
		{8C7F0407-380A-48AB-A79B-0EBD65ACB8EF}.Debug|Any CPU.Build.0 = Debug|Any CPU
		{8C7F0407-380A-48AB-A79B-0EBD65ACB8EF}.Release|Any CPU.ActiveCfg = Release|Any CPU
		{8C7F0407-380A-48AB-A79B-0EBD65ACB8EF}.Release|Any CPU.Build.0 = Release|Any CPU
		{77A418E5-439A-4E31-B991-7536D64DEFDA}.Debug|Any CPU.ActiveCfg = Debug|Any CPU
		{77A418E5-439A-4E31-B991-7536D64DEFDA}.Debug|Any CPU.Build.0 = Debug|Any CPU
		{77A418E5-439A-4E31-B991-7536D64DEFDA}.Release|Any CPU.ActiveCfg = Release|Any CPU
		{77A418E5-439A-4E31-B991-7536D64DEFDA}.Release|Any CPU.Build.0 = Release|Any CPU
		{D85348AC-0D12-4728-A669-F3590676DCC7}.Debug|Any CPU.ActiveCfg = Debug|Any CPU
		{D85348AC-0D12-4728-A669-F3590676DCC7}.Debug|Any CPU.Build.0 = Debug|Any CPU
		{D85348AC-0D12-4728-A669-F3590676DCC7}.Release|Any CPU.ActiveCfg = Release|Any CPU
		{D85348AC-0D12-4728-A669-F3590676DCC7}.Release|Any CPU.Build.0 = Release|Any CPU
	EndGlobalSection
	GlobalSection(SolutionProperties) = preSolution
		HideSolutionNode = FALSE
	EndGlobalSection
EndGlobal
